PODS:
  - AFNetworking (2.0.3):
    - AFNetworking/NSURLConnection
    - AFNetworking/NSURLSession
    - AFNetworking/Reachability
    - AFNetworking/Security
    - AFNetworking/Serialization
    - AFNetworking/UIKit
  - AFNetworking/NSURLConnection (2.0.3):
    - AFNetworking/Reachability
    - AFNetworking/Security
    - AFNetworking/Serialization
  - AFNetworking/NSURLSession (2.0.3):
    - AFNetworking/NSURLConnection
  - AFNetworking/Reachability (2.0.3)
  - AFNetworking/Security (2.0.3)
  - AFNetworking/Serialization (2.0.3)
  - AFNetworking/UIKit (2.0.3):
    - AFNetworking/NSURLConnection
  - BButton (3.2.3)
  - CocoaLumberjack (1.7.0):
    - CocoaLumberjack/Core
    - CocoaLumberjack/Extensions
  - CocoaLumberjack/Core (1.7.0)
  - CocoaLumberjack/Extensions (1.7.0):
    - CocoaLumberjack/Core
  - DMDynamicWaterfall (0.1.5)
  - Dropbox-iOS-SDK (1.3.9)
  - FMDB (2.1):
    - FMDB/standard
  - FMDB/common (2.1)
  - FMDB/standard (2.1):
    - FMDB/common
  - FontAwesomeTools (1.1)
  - GZIP (1.0.2)
  - JVFloatLabeledTextField (0.0.5)
  - MPColorTools (1.4.1)
  - NHAlignmentFlowLayout (0.1.0)
  - NHBalancedFlowLayout (0.1.2)
  - QMBTabs (0.3)
  - RATreeView (0.1.5)
  - RFQuiltLayout (1.1.1)
  - SSZipArchive (0.3.1)
  - WYPopoverController (0.1.7)
  - XMLDictionary (1.3)
  - zipzap (5.0)

DEPENDENCIES:
  - AFNetworking (~> 2.0)
  - BButton (from `https://github.com/jessesquires/BButton.git`)
  - CocoaLumberjack
  - DMDynamicWaterfall
  - Dropbox-iOS-SDK
  - FMDB
  - FontAwesomeTools
  - GZIP
  - JVFloatLabeledTextField
  - MPColorTools (~> 1.4.1)
  - NHAlignmentFlowLayout
  - NHBalancedFlowLayout
  - QMBTabs
  - RATreeView
  - RFQuiltLayout
  - SSZipArchive
  - WYPopoverController
  - XMLDictionary
  - zipzap

EXTERNAL SOURCES:
  BButton:
    :git: https://github.com/jessesquires/BButton.git

SPEC CHECKSUMS:
  AFNetworking: e499052cbf3d743e9bb727bb37adb9dc2547ba15
  BButton: 6ff8e65a54ee0334043ab64c647962ad3da70387
  CocoaLumberjack: be87113f649942f020a37c061c58009b6ee5ff68
  DMDynamicWaterfall: 5e61e1e00b3cdcb8935f8942a470bab0cc348cfc
  Dropbox-iOS-SDK: 1a8850056b1bd54bc023bd268e1e6f4d6ee9d7a5
  FMDB: 3fd5aaf632ca4ed39e3f101e0398504e6d5b0918
  FontAwesomeTools: 6d6c985b4be4e5757fafcaf750e9218b8c326111
  GZIP: ee6763ce98d4f66e263aa0605f15ab484d44cf21
  JVFloatLabeledTextField: 7daac42f450476dc9cfa5b23645e8661b868994b
  MPColorTools: f58e73f5c351d22fb950948cdb60521a8cb924ea
  NHAlignmentFlowLayout: 2c938f98a60a21fd26776cc66a52f7095316193c
  NHBalancedFlowLayout: 95f1d7bffadc73bead84b63e7e4c37aa52975f7a
  QMBTabs: c0cff19b3fb63d733819eab52b0cd7a88287b27d
  RATreeView: 623eb33fac519a6f13ec608fc2b477529a242ed9
  RFQuiltLayout: 8a3da0aaafcc29430d1a519e3ebb99f06191db40
  SSZipArchive: 47d0589a15452311749a4eeecb97e12800d127de
  WYPopoverController: 729963b2405c7763c99393a254021de9bffde763
  XMLDictionary: 27390d3517062694ccb307a7750250e1b687571d
  zipzap: 494a6a28fa71a0a0d78a19c4c5377557b89d7b94

COCOAPODS: 0.29.0
